
Microsoft Visual Studio Solution File, Format Version 12.00
# Visual Studio Version 17
VisualStudioVersion = 17.6.33815.320
MinimumVisualStudioVersion = 10.0.40219.1
Project("{9A19103F-16F7-4668-BE54-9A1E7A4F7556}") = "TestConsole", "TestConsole.csproj", "{4C5003EE-6560-4154-B5E0-929A2531C3FA}"
EndProject
Project("{2150E333-8FDC-42A3-9474-1A3956D46DE8}") = "Day9", "Day9", "{98C0ED46-7874-4AA1-A606-4ECDC0B230E8}"
EndProject
Project("{9A19103F-16F7-4668-BE54-9A1E7A4F7556}") = "WebAPI11", "..\WebAPI11\WebAPI11.csproj", "{38A3E266-8FDB-4C4C-858E-4812E38857ED}"
EndProject
Project("{2150E333-8FDC-42A3-9474-1A3956D46DE8}") = "Day12", "Day12", "{A8E53B5E-7742-4DFB-816B-585A1A5399F7}"
EndProject
Project("{54A90642-561A-4BB1-A94E-469ADEE60C69}") = "reactvs3", "..\ReactVS\reactvs3\reactvs3.esproj", "{CBD2D13E-A9B6-4E97-9F9B-F77A5008D6A7}"
EndProject
Project("{2150E333-8FDC-42A3-9474-1A3956D46DE8}") = "Day13MVC", "Day13MVC", "{BC65091E-F407-4A1F-9196-E430D6ED9520}"
EndProject
Project("{9A19103F-16F7-4668-BE54-9A1E7A4F7556}") = "MyMVC", "..\MyMVC\MyMVC.csproj", "{969E25D8-A725-4AD0-912D-D01E87B03F64}"
EndProject
Project("{2150E333-8FDC-42A3-9474-1A3956D46DE8}") = "Day14Blazor", "Day14Blazor", "{DE8C135F-470B-4057-B605-236195D1A59B}"
EndProject
Project("{9A19103F-16F7-4668-BE54-9A1E7A4F7556}") = "BlazorSrApp", "..\BlazorSrApp\BlazorSrApp.csproj", "{C88633FC-0641-4630-9530-626A44AE6DD6}"
EndProject
Project("{2150E333-8FDC-42A3-9474-1A3956D46DE8}") = "Day15", "Day15", "{2167421A-8174-41B7-94DF-69833A134D79}"
EndProject
Project("{54A90642-561A-4BB1-A94E-469ADEE60C69}") = "reactproject1", "..\reactproject1\reactproject1.esproj", "{283BE6CD-DB55-4A70-A453-3E0F5BB2C847}"
EndProject
Project("{FAE04EC0-301F-11D3-BF4B-00C04F79EFBC}") = "ZConsole", "..\ZConsole\ZConsole.csproj", "{EAACBA50-1174-4EC5-A69D-92D07A7229F1}"
EndProject
Global
	GlobalSection(SolutionConfigurationPlatforms) = preSolution
		Debug|Any CPU = Debug|Any CPU
		Release|Any CPU = Release|Any CPU
	EndGlobalSection
	GlobalSection(ProjectConfigurationPlatforms) = postSolution
		{4C5003EE-6560-4154-B5E0-929A2531C3FA}.Debug|Any CPU.ActiveCfg = Debug|Any CPU
		{4C5003EE-6560-4154-B5E0-929A2531C3FA}.Debug|Any CPU.Build.0 = Debug|Any CPU
		{4C5003EE-6560-4154-B5E0-929A2531C3FA}.Release|Any CPU.ActiveCfg = Release|Any CPU
		{4C5003EE-6560-4154-B5E0-929A2531C3FA}.Release|Any CPU.Build.0 = Release|Any CPU
		{38A3E266-8FDB-4C4C-858E-4812E38857ED}.Debug|Any CPU.ActiveCfg = Debug|Any CPU
		{38A3E266-8FDB-4C4C-858E-4812E38857ED}.Debug|Any CPU.Build.0 = Debug|Any CPU
		{38A3E266-8FDB-4C4C-858E-4812E38857ED}.Release|Any CPU.ActiveCfg = Release|Any CPU
		{38A3E266-8FDB-4C4C-858E-4812E38857ED}.Release|Any CPU.Build.0 = Release|Any CPU
		{CBD2D13E-A9B6-4E97-9F9B-F77A5008D6A7}.Debug|Any CPU.ActiveCfg = Debug|Any CPU
		{CBD2D13E-A9B6-4E97-9F9B-F77A5008D6A7}.Debug|Any CPU.Build.0 = Debug|Any CPU
		{CBD2D13E-A9B6-4E97-9F9B-F77A5008D6A7}.Debug|Any CPU.Deploy.0 = Debug|Any CPU
		{CBD2D13E-A9B6-4E97-9F9B-F77A5008D6A7}.Release|Any CPU.ActiveCfg = Release|Any CPU
		{CBD2D13E-A9B6-4E97-9F9B-F77A5008D6A7}.Release|Any CPU.Build.0 = Release|Any CPU
		{CBD2D13E-A9B6-4E97-9F9B-F77A5008D6A7}.Release|Any CPU.Deploy.0 = Release|Any CPU
		{969E25D8-A725-4AD0-912D-D01E87B03F64}.Debug|Any CPU.ActiveCfg = Debug|Any CPU
		{969E25D8-A725-4AD0-912D-D01E87B03F64}.Debug|Any CPU.Build.0 = Debug|Any CPU
		{969E25D8-A725-4AD0-912D-D01E87B03F64}.Release|Any CPU.ActiveCfg = Release|Any CPU
		{969E25D8-A725-4AD0-912D-D01E87B03F64}.Release|Any CPU.Build.0 = Release|Any CPU
		{C88633FC-0641-4630-9530-626A44AE6DD6}.Debug|Any CPU.ActiveCfg = Debug|Any CPU
		{C88633FC-0641-4630-9530-626A44AE6DD6}.Debug|Any CPU.Build.0 = Debug|Any CPU
		{C88633FC-0641-4630-9530-626A44AE6DD6}.Release|Any CPU.ActiveCfg = Release|Any CPU
		{C88633FC-0641-4630-9530-626A44AE6DD6}.Release|Any CPU.Build.0 = Release|Any CPU
		{283BE6CD-DB55-4A70-A453-3E0F5BB2C847}.Debug|Any CPU.ActiveCfg = Debug|Any CPU
		{283BE6CD-DB55-4A70-A453-3E0F5BB2C847}.Debug|Any CPU.Build.0 = Debug|Any CPU
		{283BE6CD-DB55-4A70-A453-3E0F5BB2C847}.Debug|Any CPU.Deploy.0 = Debug|Any CPU
		{283BE6CD-DB55-4A70-A453-3E0F5BB2C847}.Release|Any CPU.ActiveCfg = Release|Any CPU
		{283BE6CD-DB55-4A70-A453-3E0F5BB2C847}.Release|Any CPU.Build.0 = Release|Any CPU
		{283BE6CD-DB55-4A70-A453-3E0F5BB2C847}.Release|Any CPU.Deploy.0 = Release|Any CPU
		{EAACBA50-1174-4EC5-A69D-92D07A7229F1}.Debug|Any CPU.ActiveCfg = Debug|Any CPU
		{EAACBA50-1174-4EC5-A69D-92D07A7229F1}.Debug|Any CPU.Build.0 = Debug|Any CPU
		{EAACBA50-1174-4EC5-A69D-92D07A7229F1}.Release|Any CPU.ActiveCfg = Release|Any CPU
		{EAACBA50-1174-4EC5-A69D-92D07A7229F1}.Release|Any CPU.Build.0 = Release|Any CPU
	EndGlobalSection
	GlobalSection(SolutionProperties) = preSolution
		HideSolutionNode = FALSE
	EndGlobalSection
	GlobalSection(NestedProjects) = preSolution
		{38A3E266-8FDB-4C4C-858E-4812E38857ED} = {98C0ED46-7874-4AA1-A606-4ECDC0B230E8}
		{CBD2D13E-A9B6-4E97-9F9B-F77A5008D6A7} = {A8E53B5E-7742-4DFB-816B-585A1A5399F7}
		{969E25D8-A725-4AD0-912D-D01E87B03F64} = {BC65091E-F407-4A1F-9196-E430D6ED9520}
		{C88633FC-0641-4630-9530-626A44AE6DD6} = {DE8C135F-470B-4057-B605-236195D1A59B}
		{283BE6CD-DB55-4A70-A453-3E0F5BB2C847} = {2167421A-8174-41B7-94DF-69833A134D79}
	EndGlobalSection
	GlobalSection(ExtensibilityGlobals) = postSolution
		SolutionGuid = {DD71C8DC-44CA-479E-8D53-A270ABCFC60F}
	EndGlobalSection
EndGlobal
